{
  "R": {
    "Version": "4.3.3",
    "Repositories": [
      {
        "Name": "CRAN",
        "URL": "https://cloud.r-project.org"
      }
    ]
  },
  "Packages": {
    "mice": {
      "Package": "mice",
      "Version": "3.17.0",
      "Source": "Repository",
      "Repository": "CRAN"
    },
    "ranger": {
      "Package": "ranger",
      "Version": "0.17.0",
      "Source": "Repository",
      "Repository": "CRAN"
    },
    "car": {
      "Package": "car",
      "Version": "3.1.2",
      "Source": "Repository",
      "Repository": "CRAN"
    },
    "psych": {
      "Package": "psych",
      "Version": "2.4.3",
      "Source": "Repository",
      "Repository": "CRAN"
    },
    "GPArotation": {
      "Package": "GPArotation",
      "Version": "2026.4.1",
      "Source": "Repository",
      "Repository": "CRAN"
    },
    "FactoMineR": {
      "Package": "FactoMineR",
      "Version": "2.11",
      "Source": "Repository",
      "Repository": "CRAN"
    },
    "factoextra": {
      "Package": "factoextra",
      "Version": "1.0.7",
      "Source": "Repository",
      "Repository": "CRAN"
    },
    "dplyr": {
      "Package": "dplyr",
      "Version": "1.1.4",
      "Source": "Repository",
      "Repository": "CRAN"
    },
    "readxl": {
      "Package": "readxl",
      "Version": "1.4.3",
      "Source": "Repository",
      "Repository": "CRAN"
    },
    "here": {
      "Package": "here",
      "Version": "1.0.2",
      "Source": "Repository",
      "Repository": "CRAN"
    },
    "ggplot2": {
      "Package": "ggplot2",
      "Version": "3.5.1",
      "Source": "Repository",
      "Repository": "CRAN"
    },
    "patchwork": {
      "Package": "patchwork",
      "Version": "1.2.0",
      "Source": "Repository",
      "Repository": "CRAN"
    },
    "ggrepel": {
      "Package": "ggrepel",
      "Version": "0.9.5",
      "Source": "Repository",
      "Repository": "CRAN"
    },
    "lattice": {
      "Package": "lattice",
      "Version": "0.22.5",
      "Source": "Repository",
      "Repository": "CRAN"
    }
  }
}
